
Microsoft Visual Studio Solution File, Format Version 12.00
# Visual Studio Version 16
VisualStudioVersion = 16.0.31729.503
MinimumVisualStudioVersion = 10.0.40219.1
Project("{8BC9CEB8-8B4A-11D0-8D11-00A0C91BC942}") = "Test_Signature", "Test_Signature\Test_Signature.vcxproj", "{60134D76-2176-460D-918F-F9BD876239C1}"
EndProject
Global
	GlobalSection(SolutionConfigurationPlatforms) = preSolution
		Debug|x64 = Debug|x64
		Debug|x86 = Debug|x86
		Release|x64 = Release|x64
		Release|x86 = Release|x86
	EndGlobalSection
	GlobalSection(ProjectConfigurationPlatforms) = postSolution
		{60134D76-2176-460D-918F-F9BD876239C1}.Debug|x64.ActiveCfg = Debug|x64
		{60134D76-2176-460D-918F-F9BD876239C1}.Debug|x64.Build.0 = Debug|x64
		{60134D76-2176-460D-918F-F9BD876239C1}.Debug|x86.ActiveCfg = Debug|Win32
		{60134D76-2176-460D-918F-F9BD876239C1}.Debug|x86.Build.0 = Debug|Win32
		{60134D76-2176-460D-918F-F9BD876239C1}.Release|x64.ActiveCfg = Release|x64
		{60134D76-2176-460D-918F-F9BD876239C1}.Release|x64.Build.0 = Release|x64
		{60134D76-2176-460D-918F-F9BD876239C1}.Release|x86.ActiveCfg = Release|Win32
		{60134D76-2176-460D-918F-F9BD876239C1}.Release|x86.Build.0 = Release|Win32
	EndGlobalSection
	GlobalSection(SolutionProperties) = preSolution
		HideSolutionNode = FALSE
	EndGlobalSection
	GlobalSection(ExtensibilityGlobals) = postSolution
		SolutionGuid = {4C2201F2-C62A-4288-AF0F-BF0EB547A82B}
	EndGlobalSection
EndGlobal
